
Microsoft Visual Studio Solution File, Format Version 12.00
# Visual Studio 15
VisualStudioVersion = 15.0.27004.2009
MinimumVisualStudioVersion = 10.0.40219.1
Project("{FAE04EC0-301F-11D3-BF4B-00C04F79EFBC}") = "Reactive", "Reactive\Reactive.csproj", "{C9254D74-05E9-4539-ACD2-219615614461}"
EndProject
Project("{2150E333-8FDC-42A3-9474-1A3956D46DE8}") = "BL", "BL", "{1C3349E8-FEAA-4CC3-91C0-87BF55F9A167}"
EndProject
Project("{FAE04EC0-301F-11D3-BF4B-00C04F79EFBC}") = "Reactive.BL.Main", "Reactive.BL.Main\Reactive.BL.Main.csproj", "{419D3F4D-098C-40E0-A5EB-86C84EB197D6}"
EndProject
Project("{2150E333-8FDC-42A3-9474-1A3956D46DE8}") = "Common", "Common", "{4F0905C8-0BC3-43A4-AAE9-58D1AB565EDD}"
EndProject
Project("{FAE04EC0-301F-11D3-BF4B-00C04F79EFBC}") = "Reactive.Common", "Common\Reactive.Common.csproj", "{D3F33837-1314-4C88-AFFD-530123C288AC}"
EndProject
Project("{2150E333-8FDC-42A3-9474-1A3956D46DE8}") = "DAL", "DAL", "{481A52D7-4AC7-4811-A796-85682F31B23D}"
EndProject
Project("{FAE04EC0-301F-11D3-BF4B-00C04F79EFBC}") = "Reactive.DAL.Main", "Reactive.DAL.Main\Reactive.DAL.Main.csproj", "{B39B545B-7677-4235-916C-92EE914C5BAC}"
EndProject
Global
	GlobalSection(SolutionConfigurationPlatforms) = preSolution
		Debug|Any CPU = Debug|Any CPU
		Release|Any CPU = Release|Any CPU
	EndGlobalSection
	GlobalSection(ProjectConfigurationPlatforms) = postSolution
		{C9254D74-05E9-4539-ACD2-219615614461}.Debug|Any CPU.ActiveCfg = Debug|Any CPU
		{C9254D74-05E9-4539-ACD2-219615614461}.Debug|Any CPU.Build.0 = Debug|Any CPU
		{C9254D74-05E9-4539-ACD2-219615614461}.Release|Any CPU.ActiveCfg = Release|Any CPU
		{C9254D74-05E9-4539-ACD2-219615614461}.Release|Any CPU.Build.0 = Release|Any CPU
		{419D3F4D-098C-40E0-A5EB-86C84EB197D6}.Debug|Any CPU.ActiveCfg = Debug|Any CPU
		{419D3F4D-098C-40E0-A5EB-86C84EB197D6}.Debug|Any CPU.Build.0 = Debug|Any CPU
		{419D3F4D-098C-40E0-A5EB-86C84EB197D6}.Release|Any CPU.ActiveCfg = Release|Any CPU
		{419D3F4D-098C-40E0-A5EB-86C84EB197D6}.Release|Any CPU.Build.0 = Release|Any CPU
		{D3F33837-1314-4C88-AFFD-530123C288AC}.Debug|Any CPU.ActiveCfg = Debug|Any CPU
		{D3F33837-1314-4C88-AFFD-530123C288AC}.Debug|Any CPU.Build.0 = Debug|Any CPU
		{D3F33837-1314-4C88-AFFD-530123C288AC}.Release|Any CPU.ActiveCfg = Release|Any CPU
		{D3F33837-1314-4C88-AFFD-530123C288AC}.Release|Any CPU.Build.0 = Release|Any CPU
		{B39B545B-7677-4235-916C-92EE914C5BAC}.Debug|Any CPU.ActiveCfg = Debug|Any CPU
		{B39B545B-7677-4235-916C-92EE914C5BAC}.Debug|Any CPU.Build.0 = Debug|Any CPU
		{B39B545B-7677-4235-916C-92EE914C5BAC}.Release|Any CPU.ActiveCfg = Release|Any CPU
		{B39B545B-7677-4235-916C-92EE914C5BAC}.Release|Any CPU.Build.0 = Release|Any CPU
	EndGlobalSection
	GlobalSection(SolutionProperties) = preSolution
		HideSolutionNode = FALSE
	EndGlobalSection
	GlobalSection(NestedProjects) = preSolution
		{419D3F4D-098C-40E0-A5EB-86C84EB197D6} = {1C3349E8-FEAA-4CC3-91C0-87BF55F9A167}
		{D3F33837-1314-4C88-AFFD-530123C288AC} = {4F0905C8-0BC3-43A4-AAE9-58D1AB565EDD}
		{B39B545B-7677-4235-916C-92EE914C5BAC} = {481A52D7-4AC7-4811-A796-85682F31B23D}
	EndGlobalSection
	GlobalSection(ExtensibilityGlobals) = postSolution
		SolutionGuid = {E054C056-5B71-4F64-9FEB-AE20957C7669}
	EndGlobalSection
EndGlobal
